
Microsoft Visual Studio Solution File, Format Version 12.00
# Visual Studio Version 16
VisualStudioVersion = 16.0.29306.81
MinimumVisualStudioVersion = 10.0.40219.1
Project("{FAE04EC0-301F-11D3-BF4B-00C04F79EFBC}") = "ConsoleApp1", "ConsoleApp1\ConsoleApp1.csproj", "{A6060A99-208A-47A2-87AD-F40C543DC836}"
EndProject
Global
	GlobalSection(SolutionConfigurationPlatforms) = preSolution
		Debug|Any CPU = Debug|Any CPU
		Release|Any CPU = Release|Any CPU
	EndGlobalSection
	GlobalSection(ProjectConfigurationPlatforms) = postSolution
		{A6060A99-208A-47A2-87AD-F40C543DC836}.Debug|Any CPU.ActiveCfg = Debug|Any CPU
		{A6060A99-208A-47A2-87AD-F40C543DC836}.Debug|Any CPU.Build.0 = Debug|Any CPU
		{A6060A99-208A-47A2-87AD-F40C543DC836}.Release|Any CPU.ActiveCfg = Release|Any CPU
		{A6060A99-208A-47A2-87AD-F40C543DC836}.Release|Any CPU.Build.0 = Release|Any CPU
	EndGlobalSection
	GlobalSection(SolutionProperties) = preSolution
		HideSolutionNode = FALSE
	EndGlobalSection
	GlobalSection(ExtensibilityGlobals) = postSolution
		SolutionGuid = {DCA7555D-FEC3-4679-8B15-674EB596A04E}
	EndGlobalSection
EndGlobal
